// !$*UTF8*$!
{
	archiveVersion = 1;
	classes = {
	};
	objectVersion = 51;
	objects = {

/* Begin PBXBuildFile section */
		042175C627F92DE100322B06 /* GoogleService-Info.plist in Resources */ = {isa = PBXBuildFile; fileRef = 042175C527F92DE100322B06 /* GoogleService-Info.plist */; };
		043F7C6427F9475D0068C0A0 /* LoginViewController.swift in Sources */ = {isa = PBXBuildFile; fileRef = 043F7C6327F9475D0068C0A0 /* LoginViewController.swift */; };
		043F7C6927F947980068C0A0 /* RegisterViewController.swift in Sources */ = {isa = PBXBuildFile; fileRef = 043F7C6827F947980068C0A0 /* RegisterViewController.swift */; };
		043F7C6F27F9516A0068C0A0 /* SharedFunctions.swift in Sources */ = {isa = PBXBuildFile; fileRef = 043F7C6E27F9516A0068C0A0 /* SharedFunctions.swift */; };
		049CAF0927F9280E00C4E33F /* AppDelegate.swift in Sources */ = {isa = PBXBuildFile; fileRef = 049CAF0827F9280E00C4E33F /* AppDelegate.swift */; };
		049CAF0B27F9280E00C4E33F /* SceneDelegate.swift in Sources */ = {isa = PBXBuildFile; fileRef = 049CAF0A27F9280E00C4E33F /* SceneDelegate.swift */; };
		049CAF0D27F9280E00C4E33F /* ViewController.swift in Sources */ = {isa = PBXBuildFile; fileRef = 049CAF0C27F9280E00C4E33F /* ViewController.swift */; };
		049CAF1027F9280E00C4E33F /* Main.storyboard in Resources */ = {isa = PBXBuildFile; fileRef = 049CAF0E27F9280E00C4E33F /* Main.storyboard */; };
		049CAF1227F9281200C4E33F /* Assets.xcassets in Resources */ = {isa = PBXBuildFile; fileRef = 049CAF1127F9281200C4E33F /* Assets.xcassets */; };
		049CAF1527F9281200C4E33F /* LaunchScreen.storyboard in Resources */ = {isa = PBXBuildFile; fileRef = 049CAF1327F9281200C4E33F /* LaunchScreen.storyboard */; };
		049CAF2027F9281200C4E33F /* UberTests.swift in Sources */ = {isa = PBXBuildFile; fileRef = 049CAF1F27F9281200C4E33F /* UberTests.swift */; };
		049CAF2B27F9281200C4E33F /* UberUITests.swift in Sources */ = {isa = PBXBuildFile; fileRef = 049CAF2A27F9281200C4E33F /* UberUITests.swift */; };
		3643CA3C4AF6516D12903D10 /* Pods_Uber.framework in Frameworks */ = {isa = PBXBuildFile; fileRef = A924907EB7E48723D35EAD0B /* Pods_Uber.framework */; };
		6F347CBCFAFA5667E1C96453 /* Pods_Uber_UberUITests.framework in Frameworks */ = {isa = PBXBuildFile; fileRef = A2A576EAC576E8ECA83A3AB6 /* Pods_Uber_UberUITests.framework */; };
		D9CC91FAE94F895A9A0FC1A1 /* Pods_UberTests.framework in Frameworks */ = {isa = PBXBuildFile; fileRef = 85C4193CEF047F4454DB8037 /* Pods_UberTests.framework */; };
/* End PBXBuildFile section */

/* Begin PBXContainerItemProxy section */
		049CAF1C27F9281200C4E33F /* PBXContainerItemProxy */ = {
			isa = PBXContainerItemProxy;
			containerPortal = 049CAEFD27F9280E00C4E33F /* Project object */;
			proxyType = 1;
			remoteGlobalIDString = 049CAF0427F9280E00C4E33F;
			remoteInfo = Uber;
		};
		049CAF2727F9281200C4E33F /* PBXContainerItemProxy */ = {
			isa = PBXContainerItemProxy;
			containerPortal = 049CAEFD27F9280E00C4E33F /* Project object */;
			proxyType = 1;
			remoteGlobalIDString = 049CAF0427F9280E00C4E33F;
			remoteInfo = Uber;
		};
/* End PBXContainerItemProxy section */

/* Begin PBXFileReference section */
		011CA849341CD20825EEF040 /* Pods-Uber.release.xcconfig */ = {isa = PBXFileReference; includeInIndex = 1; lastKnownFileType = text.xcconfig; name = "Pods-Uber.release.xcconfig"; path = "Target Support Files/Pods-Uber/Pods-Uber.release.xcconfig"; sourceTree = "<group>"; };
		042175C527F92DE100322B06 /* GoogleService-Info.plist */ = {isa = PBXFileReference; fileEncoding = 4; lastKnownFileType = text.plist.xml; name = "GoogleService-Info.plist"; path = "../../../../../Downloads/GoogleService-Info.plist"; sourceTree = "<group>"; };
		043F7C6327F9475D0068C0A0 /* LoginViewController.swift */ = {isa = PBXFileReference; lastKnownFileType = sourcecode.swift; path = LoginViewController.swift; sourceTree = "<group>"; };
		043F7C6827F947980068C0A0 /* RegisterViewController.swift */ = {isa = PBXFileReference; lastKnownFileType = sourcecode.swift; path = RegisterViewController.swift; sourceTree = "<group>"; };
		043F7C6E27F9516A0068C0A0 /* SharedFunctions.swift */ = {isa = PBXFileReference; lastKnownFileType = sourcecode.swift; path = SharedFunctions.swift; sourceTree = "<group>"; };
		049CAF0527F9280E00C4E33F /* Uber.app */ = {isa = PBXFileReference; explicitFileType = wrapper.application; includeInIndex = 0; path = Uber.app; sourceTree = BUILT_PRODUCTS_DIR; };
		049CAF0827F9280E00C4E33F /* AppDelegate.swift */ = {isa = PBXFileReference; lastKnownFileType = sourcecode.swift; path = AppDelegate.swift; sourceTree = "<group>"; };
		049CAF0A27F9280E00C4E33F /* SceneDelegate.swift */ = {isa = PBXFileReference; lastKnownFileType = sourcecode.swift; path = SceneDelegate.swift; sourceTree = "<group>"; };
		049CAF0C27F9280E00C4E33F /* ViewController.swift */ = {isa = PBXFileReference; lastKnownFileType = sourcecode.swift; path = ViewController.swift; sourceTree = "<group>"; };
		049CAF0F27F9280E00C4E33F /* Base */ = {isa = PBXFileReference; lastKnownFileType = file.storyboard; name = Base; path = Base.lproj/Main.storyboard; sourceTree = "<group>"; };
		049CAF1127F9281200C4E33F /* Assets.xcassets */ = {isa = PBXFileReference; lastKnownFileType = folder.assetcatalog; path = Assets.xcassets; sourceTree = "<group>"; };
		049CAF1427F9281200C4E33F /* Base */ = {isa = PBXFileReference; lastKnownFileType = file.storyboard; name = Base; path = Base.lproj/LaunchScreen.storyboard; sourceTree = "<group>"; };
		049CAF1627F9281200C4E33F /* Info.plist */ = {isa = PBXFileReference; lastKnownFileType = text.plist.xml; path = Info.plist; sourceTree = "<group>"; };
		049CAF1B27F9281200C4E33F /* UberTests.xctest */ = {isa = PBXFileReference; explicitFileType = wrapper.cfbundle; includeInIndex = 0; path = UberTests.xctest; sourceTree = BUILT_PRODUCTS_DIR; };
		049CAF1F27F9281200C4E33F /* UberTests.swift */ = {isa = PBXFileReference; lastKnownFileType = sourcecode.swift; path = UberTests.swift; sourceTree = "<group>"; };
		049CAF2127F9281200C4E33F /* Info.plist */ = {isa = PBXFileReference; lastKnownFileType = text.plist.xml; path = Info.plist; sourceTree = "<group>"; };
		049CAF2627F9281200C4E33F /* UberUITests.xctest */ = {isa = PBXFileReference; explicitFileType = wrapper.cfbundle; includeInIndex = 0; path = UberUITests.xctest; sourceTree = BUILT_PRODUCTS_DIR; };
		049CAF2A27F9281200C4E33F /* UberUITests.swift */ = {isa = PBXFileReference; lastKnownFileType = sourcecode.swift; path = UberUITests.swift; sourceTree = "<group>"; };
		049CAF2C27F9281200C4E33F /* Info.plist */ = {isa = PBXFileReference; lastKnownFileType = text.plist.xml; path = Info.plist; sourceTree = "<group>"; };
		2D631D2FF1EDEED9C3712FB8 /* Pods-Uber.debug.xcconfig */ = {isa = PBXFileReference; includeInIndex = 1; lastKnownFileType = text.xcconfig; name = "Pods-Uber.debug.xcconfig"; path = "Target Support Files/Pods-Uber/Pods-Uber.debug.xcconfig"; sourceTree = "<group>"; };
		6A5F9D05295BD11A3377BE0A /* Pods-UberTests.debug.xcconfig */ = {isa = PBXFileReference; includeInIndex = 1; lastKnownFileType = text.xcconfig; name = "Pods-UberTests.debug.xcconfig"; path = "Target Support Files/Pods-UberTests/Pods-UberTests.debug.xcconfig"; sourceTree = "<group>"; };
		85C4193CEF047F4454DB8037 /* Pods_UberTests.framework */ = {isa = PBXFileReference; explicitFileType = wrapper.framework; includeInIndex = 0; path = Pods_UberTests.framework; sourceTree = BUILT_PRODUCTS_DIR; };
		A2A576EAC576E8ECA83A3AB6 /* Pods_Uber_UberUITests.framework */ = {isa = PBXFileReference; explicitFileType = wrapper.framework; includeInIndex = 0; path = Pods_Uber_UberUITests.framework; sourceTree = BUILT_PRODUCTS_DIR; };
		A924907EB7E48723D35EAD0B /* Pods_Uber.framework */ = {isa = PBXFileReference; explicitFileType = wrapper.framework; includeInIndex = 0; path = Pods_Uber.framework; sourceTree = BUILT_PRODUCTS_DIR; };
		AF67A353CBB5493A0085784D /* Pods-Uber-UberUITests.release.xcconfig */ = {isa = PBXFileReference; includeInIndex = 1; lastKnownFileType = text.xcconfig; name = "Pods-Uber-UberUITests.release.xcconfig"; path = "Target Support Files/Pods-Uber-UberUITests/Pods-Uber-UberUITests.release.xcconfig"; sourceTree = "<group>"; };
		C7210444BA710AF966AC7D47 /* Pods-UberTests.release.xcconfig */ = {isa = PBXFileReference; includeInIndex = 1; lastKnownFileType = text.xcconfig; name = "Pods-UberTests.release.xcconfig"; path = "Target Support Files/Pods-UberTests/Pods-UberTests.release.xcconfig"; sourceTree = "<group>"; };
		FC7229B930AD7FC106419E4D /* Pods-Uber-UberUITests.debug.xcconfig */ = {isa = PBXFileReference; includeInIndex = 1; lastKnownFileType = text.xcconfig; name = "Pods-Uber-UberUITests.debug.xcconfig"; path = "Target Support Files/Pods-Uber-UberUITests/Pods-Uber-UberUITests.debug.xcconfig"; sourceTree = "<group>"; };
/* End PBXFileReference section */

/* Begin PBXFrameworksBuildPhase section */
		049CAF0227F9280E00C4E33F /* Frameworks */ = {
			isa = PBXFrameworksBuildPhase;
			buildActionMask = 2147483647;
			files = (
				3643CA3C4AF6516D12903D10 /* Pods_Uber.framework in Frameworks */,
			);
			runOnlyForDeploymentPostprocessing = 0;
		};
		049CAF1827F9281200C4E33F /* Frameworks */ = {
			isa = PBXFrameworksBuildPhase;
			buildActionMask = 2147483647;
			files = (
				D9CC91FAE94F895A9A0FC1A1 /* Pods_UberTests.framework in Frameworks */,
			);
			runOnlyForDeploymentPostprocessing = 0;
		};
		049CAF2327F9281200C4E33F /* Frameworks */ = {
			isa = PBXFrameworksBuildPhase;
			buildActionMask = 2147483647;
			files = (
				6F347CBCFAFA5667E1C96453 /* Pods_Uber_UberUITests.framework in Frameworks */,
			);
			runOnlyForDeploymentPostprocessing = 0;
		};
/* End PBXFrameworksBuildPhase section */

/* Begin PBXGroup section */
		043F7C6127F946D90068C0A0 /* ViewController */ = {
			isa = PBXGroup;
			children = (
				049CAF0C27F9280E00C4E33F /* ViewController.swift */,
				043F7C6327F9475D0068C0A0 /* LoginViewController.swift */,
				043F7C6827F947980068C0A0 /* RegisterViewController.swift */,
			);
			path = ViewController;
			sourceTree = "<group>";
		};
		043F7C6227F946E50068C0A0 /* Model */ = {
			isa = PBXGroup;
			children = (
			);
			path = Model;
			sourceTree = "<group>";
		};
		043F7C6D27F951500068C0A0 /* Shared */ = {
			isa = PBXGroup;
			children = (
				043F7C6E27F9516A0068C0A0 /* SharedFunctions.swift */,
			);
			path = Shared;
			sourceTree = "<group>";
		};
		049CAEFC27F9280E00C4E33F = {
			isa = PBXGroup;
			children = (
				049CAF0727F9280E00C4E33F /* Uber */,
				049CAF1E27F9281200C4E33F /* UberTests */,
				049CAF2927F9281200C4E33F /* UberUITests */,
				049CAF0627F9280E00C4E33F /* Products */,
				C33DB68A1CF36E887ECD0EF3 /* Pods */,
				95520B24603243B6DFE11752 /* Frameworks */,
			);
			sourceTree = "<group>";
		};
		049CAF0627F9280E00C4E33F /* Products */ = {
			isa = PBXGroup;
			children = (
				049CAF0527F9280E00C4E33F /* Uber.app */,
				049CAF1B27F9281200C4E33F /* UberTests.xctest */,
				049CAF2627F9281200C4E33F /* UberUITests.xctest */,
			);
			name = Products;
			sourceTree = "<group>";
		};
		049CAF0727F9280E00C4E33F /* Uber */ = {
			isa = PBXGroup;
			children = (
				043F7C6D27F951500068C0A0 /* Shared */,
				043F7C6227F946E50068C0A0 /* Model */,
				043F7C6127F946D90068C0A0 /* ViewController */,
				049CAF0827F9280E00C4E33F /* AppDelegate.swift */,
				049CAF0A27F9280E00C4E33F /* SceneDelegate.swift */,
				049CAF0E27F9280E00C4E33F /* Main.storyboard */,
				049CAF1127F9281200C4E33F /* Assets.xcassets */,
				049CAF1327F9281200C4E33F /* LaunchScreen.storyboard */,
				049CAF1627F9281200C4E33F /* Info.plist */,
				042175C527F92DE100322B06 /* GoogleService-Info.plist */,
			);
			path = Uber;
			sourceTree = "<group>";
		};
		049CAF1E27F9281200C4E33F /* UberTests */ = {
			isa = PBXGroup;
			children = (
				049CAF1F27F9281200C4E33F /* UberTests.swift */,
				049CAF2127F9281200C4E33F /* Info.plist */,
			);
			path = UberTests;
			sourceTree = "<group>";
		};
		049CAF2927F9281200C4E33F /* UberUITests */ = {
			isa = PBXGroup;
			children = (
				049CAF2A27F9281200C4E33F /* UberUITests.swift */,
				049CAF2C27F9281200C4E33F /* Info.plist */,
			);
			path = UberUITests;
			sourceTree = "<group>";
		};
		95520B24603243B6DFE11752 /* Frameworks */ = {
			isa = PBXGroup;
			children = (
				A924907EB7E48723D35EAD0B /* Pods_Uber.framework */,
				A2A576EAC576E8ECA83A3AB6 /* Pods_Uber_UberUITests.framework */,
				85C4193CEF047F4454DB8037 /* Pods_UberTests.framework */,
			);
			name = Frameworks;
			sourceTree = "<group>";
		};
		C33DB68A1CF36E887ECD0EF3 /* Pods */ = {
			isa = PBXGroup;
			children = (
				2D631D2FF1EDEED9C3712FB8 /* Pods-Uber.debug.xcconfig */,
				011CA849341CD20825EEF040 /* Pods-Uber.release.xcconfig */,
				FC7229B930AD7FC106419E4D /* Pods-Uber-UberUITests.debug.xcconfig */,
				AF67A353CBB5493A0085784D /* Pods-Uber-UberUITests.release.xcconfig */,
				6A5F9D05295BD11A3377BE0A /* Pods-UberTests.debug.xcconfig */,
				C7210444BA710AF966AC7D47 /* Pods-UberTests.release.xcconfig */,
			);
			path = Pods;
			sourceTree = "<group>";
		};
/* End PBXGroup section */

/* Begin PBXNativeTarget section */
		049CAF0427F9280E00C4E33F /* Uber */ = {
			isa = PBXNativeTarget;
			buildConfigurationList = 049CAF2F27F9281200C4E33F /* Build configuration list for PBXNativeTarget "Uber" */;
			buildPhases = (
				8B88A1D3828F24C4CD8B4EFC /* [CP] Check Pods Manifest.lock */,
				049CAF0127F9280E00C4E33F /* Sources */,
				049CAF0227F9280E00C4E33F /* Frameworks */,
				049CAF0327F9280E00C4E33F /* Resources */,
				84E4D4C36944EF278F9B5932 /* [CP] Embed Pods Frameworks */,
			);
			buildRules = (
			);
			dependencies = (
			);
			name = Uber;
			productName = Uber;
			productReference = 049CAF0527F9280E00C4E33F /* Uber.app */;
			productType = "com.apple.product-type.application";
		};
		049CAF1A27F9281200C4E33F /* UberTests */ = {
			isa = PBXNativeTarget;
			buildConfigurationList = 049CAF3227F9281200C4E33F /* Build configuration list for PBXNativeTarget "UberTests" */;
			buildPhases = (
				E1455861D10112B4452BE7FE /* [CP] Check Pods Manifest.lock */,
				049CAF1727F9281200C4E33F /* Sources */,
				049CAF1827F9281200C4E33F /* Frameworks */,
				049CAF1927F9281200C4E33F /* Resources */,
			);
			buildRules = (
			);
			dependencies = (
				049CAF1D27F9281200C4E33F /* PBXTargetDependency */,
			);
			name = UberTests;
			productName = UberTests;
			productReference = 049CAF1B27F9281200C4E33F /* UberTests.xctest */;
			productType = "com.apple.product-type.bundle.unit-test";
		};
		049CAF2527F9281200C4E33F /* UberUITests */ = {
			isa = PBXNativeTarget;
			buildConfigurationList = 049CAF3527F9281200C4E33F /* Build configuration list for PBXNativeTarget "UberUITests" */;
			buildPhases = (
				13740D9899DFD18B3377605C /* [CP] Check Pods Manifest.lock */,
				049CAF2227F9281200C4E33F /* Sources */,
				049CAF2327F9281200C4E33F /* Frameworks */,
				049CAF2427F9281200C4E33F /* Resources */,
				996732B2CA90676499DF507E /* [CP] Embed Pods Frameworks */,
			);
			buildRules = (
			);
			dependencies = (
				049CAF2827F9281200C4E33F /* PBXTargetDependency */,
			);
			name = UberUITests;
			productName = UberUITests;
			productReference = 049CAF2627F9281200C4E33F /* UberUITests.xctest */;
			productType = "com.apple.product-type.bundle.ui-testing";
		};
/* End PBXNativeTarget section */

/* Begin PBXProject section */
		049CAEFD27F9280E00C4E33F /* Project object */ = {
			isa = PBXProject;
			attributes = {
				LastSwiftUpdateCheck = 1240;
				LastUpgradeCheck = 1240;
				TargetAttributes = {
					049CAF0427F9280E00C4E33F = {
						CreatedOnToolsVersion = 12.4;
					};
					049CAF1A27F9281200C4E33F = {
						CreatedOnToolsVersion = 12.4;
						TestTargetID = 049CAF0427F9280E00C4E33F;
					};
					049CAF2527F9281200C4E33F = {
						CreatedOnToolsVersion = 12.4;
						TestTargetID = 049CAF0427F9280E00C4E33F;
					};
				};
			};
			buildConfigurationList = 049CAF0027F9280E00C4E33F /* Build configuration list for PBXProject "Uber" */;
			compatibilityVersion = "Xcode 9.3";
			developmentRegion = en;
			hasScannedForEncodings = 0;
			knownRegions = (
				en,
				Base,
			);
			mainGroup = 049CAEFC27F9280E00C4E33F;
			productRefGroup = 049CAF0627F9280E00C4E33F /* Products */;
			projectDirPath = "";
			projectRoot = "";
			targets = (
				049CAF0427F9280E00C4E33F /* Uber */,
				049CAF1A27F9281200C4E33F /* UberTests */,
				049CAF2527F9281200C4E33F /* UberUITests */,
			);
		};
/* End PBXProject section */

/* Begin PBXResourcesBuildPhase section */
		049CAF0327F9280E00C4E33F /* Resources */ = {
			isa = PBXResourcesBuildPhase;
			buildActionMask = 2147483647;
			files = (
				049CAF1527F9281200C4E33F /* LaunchScreen.storyboard in Resources */,
				042175C627F92DE100322B06 /* GoogleService-Info.plist in Resources */,
				049CAF1227F9281200C4E33F /* Assets.xcassets in Resources */,
				049CAF1027F9280E00C4E33F /* Main.storyboard in Resources */,
			);
			runOnlyForDeploymentPostprocessing = 0;
		};
		049CAF1927F9281200C4E33F /* Resources */ = {
			isa = PBXResourcesBuildPhase;
			buildActionMask = 2147483647;
			files = (
			);
			runOnlyForDeploymentPostprocessing = 0;
		};
		049CAF2427F9281200C4E33F /* Resources */ = {
			isa = PBXResourcesBuildPhase;
			buildActionMask = 2147483647;
			files = (
			);
			runOnlyForDeploymentPostprocessing = 0;
		};
/* End PBXResourcesBuildPhase section */

/* Begin PBXShellScriptBuildPhase section */
		13740D9899DFD18B3377605C /* [CP] Check Pods Manifest.lock */ = {
			isa = PBXShellScriptBuildPhase;
			buildActionMask = 2147483647;
			files = (
			);
			inputFileListPaths = (
			);
			inputPaths = (
				"${PODS_PODFILE_DIR_PATH}/Podfile.lock",
				"${PODS_ROOT}/Manifest.lock",
			);
			name = "[CP] Check Pods Manifest.lock";
			outputFileListPaths = (
			);
			outputPaths = (
				"$(DERIVED_FILE_DIR)/Pods-Uber-UberUITests-checkManifestLockResult.txt",
			);
			runOnlyForDeploymentPostprocessing = 0;
			shellPath = /bin/sh;
			shellScript = "diff \"${PODS_PODFILE_DIR_PATH}/Podfile.lock\" \"${PODS_ROOT}/Manifest.lock\" > /dev/null\nif [ $? != 0 ] ; then\n    # print error to STDERR\n    echo \"error: The sandbox is not in sync with the Podfile.lock. Run 'pod install' or update your CocoaPods installation.\" >&2\n    exit 1\nfi\n# This output is used by Xcode 'outputs' to avoid re-running this script phase.\necho \"SUCCESS\" > \"${SCRIPT_OUTPUT_FILE_0}\"\n";
			showEnvVarsInLog = 0;
		};
		84E4D4C36944EF278F9B5932 /* [CP] Embed Pods Frameworks */ = {
			isa = PBXShellScriptBuildPhase;
			buildActionMask = 2147483647;
			files = (
			);
			inputFileListPaths = (
				"${PODS_ROOT}/Target Support Files/Pods-Uber/Pods-Uber-frameworks-${CONFIGURATION}-input-files.xcfilelist",
			);
			name = "[CP] Embed Pods Frameworks";
			outputFileListPaths = (
				"${PODS_ROOT}/Target Support Files/Pods-Uber/Pods-Uber-frameworks-${CONFIGURATION}-output-files.xcfilelist",
			);
			runOnlyForDeploymentPostprocessing = 0;
			shellPath = /bin/sh;
			shellScript = "\"${PODS_ROOT}/Target Support Files/Pods-Uber/Pods-Uber-frameworks.sh\"\n";
			showEnvVarsInLog = 0;
		};
		8B88A1D3828F24C4CD8B4EFC /* [CP] Check Pods Manifest.lock */ = {
			isa = PBXShellScriptBuildPhase;
			buildActionMask = 2147483647;
			files = (
			);
			inputFileListPaths = (
			);
			inputPaths = (
				"${PODS_PODFILE_DIR_PATH}/Podfile.lock",
				"${PODS_ROOT}/Manifest.lock",
			);
			name = "[CP] Check Pods Manifest.lock";
			outputFileListPaths = (
			);
			outputPaths = (
				"$(DERIVED_FILE_DIR)/Pods-Uber-checkManifestLockResult.txt",
			);
			runOnlyForDeploymentPostprocessing = 0;
			shellPath = /bin/sh;
			shellScript = "diff \"${PODS_PODFILE_DIR_PATH}/Podfile.lock\" \"${PODS_ROOT}/Manifest.lock\" > /dev/null\nif [ $? != 0 ] ; then\n    # print error to STDERR\n    echo \"error: The sandbox is not in sync with the Podfile.lock. Run 'pod install' or update your CocoaPods installation.\" >&2\n    exit 1\nfi\n# This output is used by Xcode 'outputs' to avoid re-running this script phase.\necho \"SUCCESS\" > \"${SCRIPT_OUTPUT_FILE_0}\"\n";
			showEnvVarsInLog = 0;
		};
		996732B2CA90676499DF507E /* [CP] Embed Pods Frameworks */ = {
			isa = PBXShellScriptBuildPhase;
			buildActionMask = 2147483647;
			files = (
			);
			inputFileListPaths = (
				"${PODS_ROOT}/Target Support Files/Pods-Uber-UberUITests/Pods-Uber-UberUITests-frameworks-${CONFIGURATION}-input-files.xcfilelist",
			);
			name = "[CP] Embed Pods Frameworks";
			outputFileListPaths = (
				"${PODS_ROOT}/Target Support Files/Pods-Uber-UberUITests/Pods-Uber-UberUITests-frameworks-${CONFIGURATION}-output-files.xcfilelist",
			);
			runOnlyForDeploymentPostprocessing = 0;
			shellPath = /bin/sh;
			shellScript = "\"${PODS_ROOT}/Target Support Files/Pods-Uber-UberUITests/Pods-Uber-UberUITests-frameworks.sh\"\n";
			showEnvVarsInLog = 0;
		};
		E1455861D10112B4452BE7FE /* [CP] Check Pods Manifest.lock */ = {
			isa = PBXShellScriptBuildPhase;
			buildActionMask = 2147483647;
			files = (
			);
			inputFileListPaths = (
			);
			inputPaths = (
				"${PODS_PODFILE_DIR_PATH}/Podfile.lock",
				"${PODS_ROOT}/Manifest.lock",
			);
			name = "[CP] Check Pods Manifest.lock";
			outputFileListPaths = (
			);
			outputPaths = (
				"$(DERIVED_FILE_DIR)/Pods-UberTests-checkManifestLockResult.txt",
			);
			runOnlyForDeploymentPostprocessing = 0;
			shellPath = /bin/sh;
			shellScript = "diff \"${PODS_PODFILE_DIR_PATH}/Podfile.lock\" \"${PODS_ROOT}/Manifest.lock\" > /dev/null\nif [ $? != 0 ] ; then\n    # print error to STDERR\n    echo \"error: The sandbox is not in sync with the Podfile.lock. Run 'pod install' or update your CocoaPods installation.\" >&2\n    exit 1\nfi\n# This output is used by Xcode 'outputs' to avoid re-running this script phase.\necho \"SUCCESS\" > \"${SCRIPT_OUTPUT_FILE_0}\"\n";
			showEnvVarsInLog = 0;
		};
/* End PBXShellScriptBuildPhase section */

/* Begin PBXSourcesBuildPhase section */
		049CAF0127F9280E00C4E33F /* Sources */ = {
			isa = PBXSourcesBuildPhase;
			buildActionMask = 2147483647;
			files = (
				043F7C6427F9475D0068C0A0 /* LoginViewController.swift in Sources */,
				043F7C6927F947980068C0A0 /* RegisterViewController.swift in Sources */,
				043F7C6F27F9516A0068C0A0 /* SharedFunctions.swift in Sources */,
				049CAF0D27F9280E00C4E33F /* ViewController.swift in Sources */,
				049CAF0927F9280E00C4E33F /* AppDelegate.swift in Sources */,
				049CAF0B27F9280E00C4E33F /* SceneDelegate.swift in Sources */,
			);
			runOnlyForDeploymentPostprocessing = 0;
		};
		049CAF1727F9281200C4E33F /* Sources */ = {
			isa = PBXSourcesBuildPhase;
			buildActionMask = 2147483647;
			files = (
				049CAF2027F9281200C4E33F /* UberTests.swift in Sources */,
			);
			runOnlyForDeploymentPostprocessing = 0;
		};
		049CAF2227F9281200C4E33F /* Sources */ = {
			isa = PBXSourcesBuildPhase;
			buildActionMask = 2147483647;
			files = (
				049CAF2B27F9281200C4E33F /* UberUITests.swift in Sources */,
			);
			runOnlyForDeploymentPostprocessing = 0;
		};
/* End PBXSourcesBuildPhase section */

/* Begin PBXTargetDependency section */
		049CAF1D27F9281200C4E33F /* PBXTargetDependency */ = {
			isa = PBXTargetDependency;
			target = 049CAF0427F9280E00C4E33F /* Uber */;
			targetProxy = 049CAF1C27F9281200C4E33F /* PBXContainerItemProxy */;
		};
		049CAF2827F9281200C4E33F /* PBXTargetDependency */ = {
			isa = PBXTargetDependency;
			target = 049CAF0427F9280E00C4E33F /* Uber */;
			targetProxy = 049CAF2727F9281200C4E33F /* PBXContainerItemProxy */;
		};
/* End PBXTargetDependency section */

/* Begin PBXVariantGroup section */
		049CAF0E27F9280E00C4E33F /* Main.storyboard */ = {
			isa = PBXVariantGroup;
			children = (
				049CAF0F27F9280E00C4E33F /* Base */,
			);
			name = Main.storyboard;
			sourceTree = "<group>";
		};
		049CAF1327F9281200C4E33F /* LaunchScreen.storyboard */ = {
			isa = PBXVariantGroup;
			children = (
				049CAF1427F9281200C4E33F /* Base */,
			);
			name = LaunchScreen.storyboard;
			sourceTree = "<group>";
		};
/* End PBXVariantGroup section */

/* Begin XCBuildConfiguration section */
		049CAF2D27F9281200C4E33F /* Debug */ = {
			isa = XCBuildConfiguration;
			buildSettings = {
				ALWAYS_SEARCH_USER_PATHS = NO;
				CLANG_ANALYZER_NONNULL = YES;
				CLANG_ANALYZER_NUMBER_OBJECT_CONVERSION = YES_AGGRESSIVE;
				CLANG_CXX_LANGUAGE_STANDARD = "gnu++14";
				CLANG_CXX_LIBRARY = "libc++";
				CLANG_ENABLE_MODULES = YES;
				CLANG_ENABLE_OBJC_ARC = YES;
				CLANG_ENABLE_OBJC_WEAK = YES;
				CLANG_WARN_BLOCK_CAPTURE_AUTORELEASING = YES;
				CLANG_WARN_BOOL_CONVERSION = YES;
				CLANG_WARN_COMMA = YES;
				CLANG_WARN_CONSTANT_CONVERSION = YES;
				CLANG_WARN_DEPRECATED_OBJC_IMPLEMENTATIONS = YES;
				CLANG_WARN_DIRECT_OBJC_ISA_USAGE = YES_ERROR;
				CLANG_WARN_DOCUMENTATION_COMMENTS = YES;
				CLANG_WARN_EMPTY_BODY = YES;
				CLANG_WARN_ENUM_CONVERSION = YES;
				CLANG_WARN_INFINITE_RECURSION = YES;
				CLANG_WARN_INT_CONVERSION = YES;
				CLANG_WARN_NON_LITERAL_NULL_CONVERSION = YES;
				CLANG_WARN_OBJC_IMPLICIT_RETAIN_SELF = YES;
				CLANG_WARN_OBJC_LITERAL_CONVERSION = YES;
				CLANG_WARN_OBJC_ROOT_CLASS = YES_ERROR;
				CLANG_WARN_QUOTED_INCLUDE_IN_FRAMEWORK_HEADER = YES;
				CLANG_WARN_RANGE_LOOP_ANALYSIS = YES;
				CLANG_WARN_STRICT_PROTOTYPES = YES;
				CLANG_WARN_SUSPICIOUS_MOVE = YES;
				CLANG_WARN_UNGUARDED_AVAILABILITY = YES_AGGRESSIVE;
				CLANG_WARN_UNREACHABLE_CODE = YES;
				CLANG_WARN__DUPLICATE_METHOD_MATCH = YES;
				COPY_PHASE_STRIP = NO;
				DEBUG_INFORMATION_FORMAT = dwarf;
				ENABLE_STRICT_OBJC_MSGSEND = YES;
				ENABLE_TESTABILITY = YES;
				GCC_C_LANGUAGE_STANDARD = gnu11;
				GCC_DYNAMIC_NO_PIC = NO;
				GCC_NO_COMMON_BLOCKS = YES;
				GCC_OPTIMIZATION_LEVEL = 0;
				GCC_PREPROCESSOR_DEFINITIONS = (
					"DEBUG=1",
					"$(inherited)",
				);
				GCC_WARN_64_TO_32_BIT_CONVERSION = YES;
				GCC_WARN_ABOUT_RETURN_TYPE = YES_ERROR;
				GCC_WARN_UNDECLARED_SELECTOR = YES;
				GCC_WARN_UNINITIALIZED_AUTOS = YES_AGGRESSIVE;
				GCC_WARN_UNUSED_FUNCTION = YES;
				GCC_WARN_UNUSED_VARIABLE = YES;
				IPHONEOS_DEPLOYMENT_TARGET = 14.4;
				MTL_ENABLE_DEBUG_INFO = INCLUDE_SOURCE;
				MTL_FAST_MATH = YES;
				ONLY_ACTIVE_ARCH = YES;
				SDKROOT = iphoneos;
				SWIFT_ACTIVE_COMPILATION_CONDITIONS = DEBUG;
				SWIFT_OPTIMIZATION_LEVEL = "-Onone";
			};
			name = Debug;
		};
		049CAF2E27F9281200C4E33F /* Release */ = {
			isa = XCBuildConfiguration;
			buildSettings = {
				ALWAYS_SEARCH_USER_PATHS = NO;
				CLANG_ANALYZER_NONNULL = YES;
				CLANG_ANALYZER_NUMBER_OBJECT_CONVERSION = YES_AGGRESSIVE;
				CLANG_CXX_LANGUAGE_STANDARD = "gnu++14";
				CLANG_CXX_LIBRARY = "libc++";
				CLANG_ENABLE_MODULES = YES;
				CLANG_ENABLE_OBJC_ARC = YES;
				CLANG_ENABLE_OBJC_WEAK = YES;
				CLANG_WARN_BLOCK_CAPTURE_AUTORELEASING = YES;
				CLANG_WARN_BOOL_CONVERSION = YES;
				CLANG_WARN_COMMA = YES;
				CLANG_WARN_CONSTANT_CONVERSION = YES;
				CLANG_WARN_DEPRECATED_OBJC_IMPLEMENTATIONS = YES;
				CLANG_WARN_DIRECT_OBJC_ISA_USAGE = YES_ERROR;
				CLANG_WARN_DOCUMENTATION_COMMENTS = YES;
				CLANG_WARN_EMPTY_BODY = YES;
				CLANG_WARN_ENUM_CONVERSION = YES;
				CLANG_WARN_INFINITE_RECURSION = YES;
				CLANG_WARN_INT_CONVERSION = YES;
				CLANG_WARN_NON_LITERAL_NULL_CONVERSION = YES;
				CLANG_WARN_OBJC_IMPLICIT_RETAIN_SELF = YES;
				CLANG_WARN_OBJC_LITERAL_CONVERSION = YES;
				CLANG_WARN_OBJC_ROOT_CLASS = YES_ERROR;
				CLANG_WARN_QUOTED_INCLUDE_IN_FRAMEWORK_HEADER = YES;
				CLANG_WARN_RANGE_LOOP_ANALYSIS = YES;
				CLANG_WARN_STRICT_PROTOTYPES = YES;
				CLANG_WARN_SUSPICIOUS_MOVE = YES;
				CLANG_WARN_UNGUARDED_AVAILABILITY = YES_AGGRESSIVE;
				CLANG_WARN_UNREACHABLE_CODE = YES;
				CLANG_WARN__DUPLICATE_METHOD_MATCH = YES;
				COPY_PHASE_STRIP = NO;
				DEBUG_INFORMATION_FORMAT = "dwarf-with-dsym";
				ENABLE_NS_ASSERTIONS = NO;
				ENABLE_STRICT_OBJC_MSGSEND = YES;
				GCC_C_LANGUAGE_STANDARD = gnu11;
				GCC_NO_COMMON_BLOCKS = YES;
				GCC_WARN_64_TO_32_BIT_CONVERSION = YES;
				GCC_WARN_ABOUT_RETURN_TYPE = YES_ERROR;
				GCC_WARN_UNDECLARED_SELECTOR = YES;
				GCC_WARN_UNINITIALIZED_AUTOS = YES_AGGRESSIVE;
				GCC_WARN_UNUSED_FUNCTION = YES;
				GCC_WARN_UNUSED_VARIABLE = YES;
				IPHONEOS_DEPLOYMENT_TARGET = 14.4;
				MTL_ENABLE_DEBUG_INFO = NO;
				MTL_FAST_MATH = YES;
				SDKROOT = iphoneos;
				SWIFT_COMPILATION_MODE = wholemodule;
				SWIFT_OPTIMIZATION_LEVEL = "-O";
				VALIDATE_PRODUCT = YES;
			};
			name = Release;
		};
		049CAF3027F9281200C4E33F /* Debug */ = {
			isa = XCBuildConfiguration;
			baseConfigurationReference = 2D631D2FF1EDEED9C3712FB8 /* Pods-Uber.debug.xcconfig */;
			buildSettings = {
				ASSETCATALOG_COMPILER_APPICON_NAME = AppIcon;
				ASSETCATALOG_COMPILER_GLOBAL_ACCENT_COLOR_NAME = AccentColor;
				CODE_SIGN_STYLE = Automatic;
				DEVELOPMENT_TEAM = P65LS7STQH;
				INFOPLIST_FILE = Uber/Info.plist;
				LD_RUNPATH_SEARCH_PATHS = (
					"$(inherited)",
					"@executable_path/Frameworks",
				);
				PRODUCT_BUNDLE_IDENTIFIER = com.srsj.uber;
				PRODUCT_NAME = "$(TARGET_NAME)";
				SWIFT_VERSION = 5.0;
				TARGETED_DEVICE_FAMILY = "1,2";
			};
			name = Debug;
		};
		049CAF3127F9281200C4E33F /* Release */ = {
			isa = XCBuildConfiguration;
			baseConfigurationReference = 011CA849341CD20825EEF040 /* Pods-Uber.release.xcconfig */;
			buildSettings = {
				ASSETCATALOG_COMPILER_APPICON_NAME = AppIcon;
				ASSETCATALOG_COMPILER_GLOBAL_ACCENT_COLOR_NAME = AccentColor;
				CODE_SIGN_STYLE = Automatic;
				DEVELOPMENT_TEAM = P65LS7STQH;
				INFOPLIST_FILE = Uber/Info.plist;
				LD_RUNPATH_SEARCH_PATHS = (
					"$(inherited)",
					"@executable_path/Frameworks",
				);
				PRODUCT_BUNDLE_IDENTIFIER = com.srsj.uber;
				PRODUCT_NAME = "$(TARGET_NAME)";
				SWIFT_VERSION = 5.0;
				TARGETED_DEVICE_FAMILY = "1,2";
			};
			name = Release;
		};
		049CAF3327F9281200C4E33F /* Debug */ = {
			isa = XCBuildConfiguration;
			baseConfigurationReference = 6A5F9D05295BD11A3377BE0A /* Pods-UberTests.debug.xcconfig */;
			buildSettings = {
				ALWAYS_EMBED_SWIFT_STANDARD_LIBRARIES = YES;
				BUNDLE_LOADER = "$(TEST_HOST)";
				CODE_SIGN_STYLE = Automatic;
				DEVELOPMENT_TEAM = P65LS7STQH;
				INFOPLIST_FILE = UberTests/Info.plist;
				IPHONEOS_DEPLOYMENT_TARGET = 14.4;
				LD_RUNPATH_SEARCH_PATHS = (
					"$(inherited)",
					"@executable_path/Frameworks",
					"@loader_path/Frameworks",
				);
				PRODUCT_BUNDLE_IDENTIFIER = com.srsj.UberTests;
				PRODUCT_NAME = "$(TARGET_NAME)";
				SWIFT_VERSION = 5.0;
				TARGETED_DEVICE_FAMILY = "1,2";
				TEST_HOST = "$(BUILT_PRODUCTS_DIR)/Uber.app/Uber";
			};
			name = Debug;
		};
		049CAF3427F9281200C4E33F /* Release */ = {
			isa = XCBuildConfiguration;
			baseConfigurationReference = C7210444BA710AF966AC7D47 /* Pods-UberTests.release.xcconfig */;
			buildSettings = {
				ALWAYS_EMBED_SWIFT_STANDARD_LIBRARIES = YES;
				BUNDLE_LOADER = "$(TEST_HOST)";
				CODE_SIGN_STYLE = Automatic;
				DEVELOPMENT_TEAM = P65LS7STQH;
				INFOPLIST_FILE = UberTests/Info.plist;
				IPHONEOS_DEPLOYMENT_TARGET = 14.4;
				LD_RUNPATH_SEARCH_PATHS = (
					"$(inherited)",
					"@executable_path/Frameworks",
					"@loader_path/Frameworks",
				);
				PRODUCT_BUNDLE_IDENTIFIER = com.srsj.UberTests;
				PRODUCT_NAME = "$(TARGET_NAME)";
				SWIFT_VERSION = 5.0;
				TARGETED_DEVICE_FAMILY = "1,2";
				TEST_HOST = "$(BUILT_PRODUCTS_DIR)/Uber.app/Uber";
			};
			name = Release;
		};
		049CAF3627F9281200C4E33F /* Debug */ = {
			isa = XCBuildConfiguration;
			baseConfigurationReference = FC7229B930AD7FC106419E4D /* Pods-Uber-UberUITests.debug.xcconfig */;
			buildSettings = {
				ALWAYS_EMBED_SWIFT_STANDARD_LIBRARIES = YES;
				CODE_SIGN_STYLE = Automatic;
				DEVELOPMENT_TEAM = P65LS7STQH;
				INFOPLIST_FILE = UberUITests/Info.plist;
				LD_RUNPATH_SEARCH_PATHS = (
					"$(inherited)",
					"@executable_path/Frameworks",
					"@loader_path/Frameworks",
				);
				PRODUCT_BUNDLE_IDENTIFIER = com.srsj.UberUITests;
				PRODUCT_NAME = "$(TARGET_NAME)";
				SWIFT_VERSION = 5.0;
				TARGETED_DEVICE_FAMILY = "1,2";
				TEST_TARGET_NAME = Uber;
			};
			name = Debug;
		};
		049CAF3727F9281200C4E33F /* Release */ = {
			isa = XCBuildConfiguration;
			baseConfigurationReference = AF67A353CBB5493A0085784D /* Pods-Uber-UberUITests.release.xcconfig */;
			buildSettings = {
				ALWAYS_EMBED_SWIFT_STANDARD_LIBRARIES = YES;
				CODE_SIGN_STYLE = Automatic;
				DEVELOPMENT_TEAM = P65LS7STQH;
				INFOPLIST_FILE = UberUITests/Info.plist;
				LD_RUNPATH_SEARCH_PATHS = (
					"$(inherited)",
					"@executable_path/Frameworks",
					"@loader_path/Frameworks",
				);
				PRODUCT_BUNDLE_IDENTIFIER = com.srsj.UberUITests;
				PRODUCT_NAME = "$(TARGET_NAME)";
				SWIFT_VERSION = 5.0;
				TARGETED_DEVICE_FAMILY = "1,2";
				TEST_TARGET_NAME = Uber;
			};
			name = Release;
		};
/* End XCBuildConfiguration section */

/* Begin XCConfigurationList section */
		049CAF0027F9280E00C4E33F /* Build configuration list for PBXProject "Uber" */ = {
			isa = XCConfigurationList;
			buildConfigurations = (
				049CAF2D27F9281200C4E33F /* Debug */,
				049CAF2E27F9281200C4E33F /* Release */,
			);
			defaultConfigurationIsVisible = 0;
			defaultConfigurationName = Release;
		};
		049CAF2F27F9281200C4E33F /* Build configuration list for PBXNativeTarget "Uber" */ = {
			isa = XCConfigurationList;
			buildConfigurations = (
				049CAF3027F9281200C4E33F /* Debug */,
				049CAF3127F9281200C4E33F /* Release */,
			);
			defaultConfigurationIsVisible = 0;
			defaultConfigurationName = Release;
		};
		049CAF3227F9281200C4E33F /* Build configuration list for PBXNativeTarget "UberTests" */ = {
			isa = XCConfigurationList;
			buildConfigurations = (
				049CAF3327F9281200C4E33F /* Debug */,
				049CAF3427F9281200C4E33F /* Release */,
			);
			defaultConfigurationIsVisible = 0;
			defaultConfigurationName = Release;
		};
		049CAF3527F9281200C4E33F /* Build configuration list for PBXNativeTarget "UberUITests" */ = {
			isa = XCConfigurationList;
			buildConfigurations = (
				049CAF3627F9281200C4E33F /* Debug */,
				049CAF3727F9281200C4E33F /* Release */,
			);
			defaultConfigurationIsVisible = 0;
			defaultConfigurationName = Release;
		};
/* End XCConfigurationList section */
	};
	rootObject = 049CAEFD27F9280E00C4E33F /* Project object */;
}
